
Microsoft Visual Studio Solution File, Format Version 12.00
# Visual Studio Version 17
VisualStudioVersion = 17.7.34221.43
MinimumVisualStudioVersion = 10.0.40219.1
Project("{FAE04EC0-301F-11D3-BF4B-00C04F79EFBC}") = "Lab11", "Lab11\Lab11.csproj", "{DF1EE322-E128-4443-B55B-27B72858D0C2}"
EndProject
Global
	GlobalSection(SolutionConfigurationPlatforms) = preSolution
		Debug|Any CPU = Debug|Any CPU
		Release|Any CPU = Release|Any CPU
	EndGlobalSection
	GlobalSection(ProjectConfigurationPlatforms) = postSolution
		{DF1EE322-E128-4443-B55B-27B72858D0C2}.Debug|Any CPU.ActiveCfg = Debug|Any CPU
		{DF1EE322-E128-4443-B55B-27B72858D0C2}.Debug|Any CPU.Build.0 = Debug|Any CPU
		{DF1EE322-E128-4443-B55B-27B72858D0C2}.Release|Any CPU.ActiveCfg = Release|Any CPU
		{DF1EE322-E128-4443-B55B-27B72858D0C2}.Release|Any CPU.Build.0 = Release|Any CPU
	EndGlobalSection
	GlobalSection(SolutionProperties) = preSolution
		HideSolutionNode = FALSE
	EndGlobalSection
	GlobalSection(ExtensibilityGlobals) = postSolution
		SolutionGuid = {FE1BA48A-624E-43D0-9C28-8E5780073681}
	EndGlobalSection
EndGlobal
